
Microsoft Visual Studio Solution File, Format Version 12.00
# Visual Studio Version 16
VisualStudioVersion = 16.0.32106.194
MinimumVisualStudioVersion = 10.0.40219.1
Project("{2150E333-8FDC-42A3-9474-1A3956D46DE8}") = "03 - Shared", "03 - Shared", "{3FDC91A0-9C35-4DE1-B049-6D12E9766905}"
EndProject
Project("{2150E333-8FDC-42A3-9474-1A3956D46DE8}") = "Modules", "Modules", "{5BDEC303-444A-43D5-9D0F-7BF18FC82C43}"
EndProject
Project("{9A19103F-16F7-4668-BE54-9A1E7A4F7556}") = "Store.Authorization.API", "src\app.api\Store.Authorization\Store.Authorization.API\Store.Authorization.API.csproj", "{D6E7DD70-69BC-4B39-A4F4-E4D43AC5E425}"
EndProject
Project("{9A19103F-16F7-4668-BE54-9A1E7A4F7556}") = "Store.WebApp.MVC", "src\app.web\Store.WebApp.MVC\Store.WebApp.MVC.csproj", "{5D45AAB4-00E1-44BF-A5BC-23EB6EA7D0D2}"
EndProject
Project("{9A19103F-16F7-4668-BE54-9A1E7A4F7556}") = "Store.Shared.Core", "src\shared\Store.Core\Store.Shared.Core.csproj", "{AEA23603-401C-41F2-910C-E53764C32C9B}"
EndProject
Project("{9A19103F-16F7-4668-BE54-9A1E7A4F7556}") = "Store.ShoppingCart.API", "src\app.api\Store.ShoppingCart\Store.ShoppingCart.API\Store.ShoppingCart.API.csproj", "{13D80AC6-E003-46D4-9904-D8AA5C8C7B51}"
EndProject
Project("{9A19103F-16F7-4668-BE54-9A1E7A4F7556}") = "Store.Customers.API", "src\app.api\Store.Customer\Store.Customer.API\Store.Customers.API.csproj", "{D57EEE08-741C-4A28-A7AA-D98CCEBEEB2F}"
EndProject
Project("{9A19103F-16F7-4668-BE54-9A1E7A4F7556}") = "Store.Order.API", "src\app.api\Store.Order\Store.Order.API\Store.Order.API.csproj", "{76DB4651-7FD0-47A8-9104-775B2BFA8E19}"
EndProject
Project("{9A19103F-16F7-4668-BE54-9A1E7A4F7556}") = "Store.Payment.API", "src\app.api\Store.Payment\Store.Payment.API\Store.Payment.API.csproj", "{361C5F73-8533-4255-BBE4-7D63FF84D338}"
EndProject
Project("{9A19103F-16F7-4668-BE54-9A1E7A4F7556}") = "Store.Catalog.API", "src\app.api\Store.Catalog\Store.Catalog.API\Store.Catalog.API.csproj", "{8DC46147-8AB9-49DA-BDAB-7B7495728944}"
EndProject
Project("{2150E333-8FDC-42A3-9474-1A3956D46DE8}") = "Store.Catalog", "Store.Catalog", "{09B54395-C1EF-43D0-872A-3062837BD239}"
EndProject
Project("{2150E333-8FDC-42A3-9474-1A3956D46DE8}") = "Store.Authorization", "Store.Authorization", "{2944BCC0-DA22-416D-92CB-CA3B56A2DE6C}"
EndProject
Project("{9A19103F-16F7-4668-BE54-9A1E7A4F7556}") = "Store.Catalog.Domain", "src\app.api\Store.Catalog\Store.Catalog.Domain\Store.Catalog.Domain.csproj", "{C1F3A9E2-065B-4E7B-B00C-A855FE2C6B37}"
EndProject
Project("{9A19103F-16F7-4668-BE54-9A1E7A4F7556}") = "Store.Catalog.Infra.Data", "src\app.api\Store.Catalog\Store.Catalog.infrastructure\Store.Catalog.Infra.Data.csproj", "{AFB733FF-BA20-48DF-BF3E-BC9A5319F6AA}"
EndProject
Project("{2150E333-8FDC-42A3-9474-1A3956D46DE8}") = "Store.Customer", "Store.Customer", "{A4734CBF-21F2-40D7-A348-F66738D543A5}"
EndProject
Project("{2150E333-8FDC-42A3-9474-1A3956D46DE8}") = "Store.Order", "Store.Order", "{0EEF224F-99E4-4F4C-A3D9-7F36D595B7CD}"
EndProject
Project("{2150E333-8FDC-42A3-9474-1A3956D46DE8}") = "Store.Payment", "Store.Payment", "{2C3CE003-0919-480E-B018-601B92B82AD5}"
EndProject
Project("{2150E333-8FDC-42A3-9474-1A3956D46DE8}") = "Store.ShoppingCart", "Store.ShoppingCart", "{9833A84B-0815-4360-A02C-E34F6B4416DC}"
EndProject
Project("{2150E333-8FDC-42A3-9474-1A3956D46DE8}") = "01 - WebApps", "01 - WebApps", "{9288A191-E087-49F7-B1A8-21B7807E92C6}"
EndProject
Project("{2150E333-8FDC-42A3-9474-1A3956D46DE8}") = "02 - The Brain", "02 - The Brain", "{A6DA874F-0441-4842-815D-6A79BFDB3D0C}"
EndProject
Project("{2150E333-8FDC-42A3-9474-1A3956D46DE8}") = "Core", "Core", "{20B6A2A7-AA6C-42E9-BA0C-E12447143CF9}"
EndProject
Project("{2150E333-8FDC-42A3-9474-1A3956D46DE8}") = "Services", "Services", "{71276D0E-ABB0-4762-88B1-2B8934EB1980}"
EndProject
Project("{9A19103F-16F7-4668-BE54-9A1E7A4F7556}") = "Store.WebAPI.Service", "src\shared\Store.WebAPI.Service\Store.WebAPI.Service.csproj", "{36A3B7DE-5F92-4225-A029-F2E25117A7F6}"
EndProject
Project("{9A19103F-16F7-4668-BE54-9A1E7A4F7556}") = "Store.Customers.Domain", "src\app.api\Store.Customer\Store.Customer.Domain\Store.Customers.Domain.csproj", "{37BC6322-2121-4A97-AEED-DF2D3B6AA189}"
EndProject
Project("{9A19103F-16F7-4668-BE54-9A1E7A4F7556}") = "Store.Customers.Infra.Data", "src\app.api\Store.Customer\Store.Customer.infrastructure\Store.Customers.Infra.Data.csproj", "{4399C9DA-8748-4B51-9975-808F3896E1C9}"
EndProject
Project("{FAE04EC0-301F-11D3-BF4B-00C04F79EFBC}") = "Store.Customers.Infra.Workers", "src\app.api\Store.Customer\Store.Customers.Infrastructure.Workers\Store.Customers.Infra.Workers.csproj", "{46BF1FE5-17E2-4F1D-80FF-8A5F570630A1}"
EndProject
Project("{2150E333-8FDC-42A3-9474-1A3956D46DE8}") = "MessageBus", "MessageBus", "{79B7C0C4-57F7-4ED9-9227-5B592B00ABFD}"
EndProject
Project("{FAE04EC0-301F-11D3-BF4B-00C04F79EFBC}") = "Store.Shared.MessageBus", "src\shared\Store.Shared.MessageBus\Store.Shared.MessageBus.csproj", "{C93EC5F7-EDE0-4EC6-A202-3209C2886CAD}"
EndProject
Project("{FAE04EC0-301F-11D3-BF4B-00C04F79EFBC}") = "Store.Customers.Application", "src\app.api\Store.Customer\Store.Customers.Application\Store.Customers.Application.csproj", "{61563895-C53E-4ABF-861D-2FB31DD912FD}"
EndProject
Global
	GlobalSection(SolutionConfigurationPlatforms) = preSolution
		Debug|Any CPU = Debug|Any CPU
		Release|Any CPU = Release|Any CPU
	EndGlobalSection
	GlobalSection(ProjectConfigurationPlatforms) = postSolution
		{D6E7DD70-69BC-4B39-A4F4-E4D43AC5E425}.Debug|Any CPU.ActiveCfg = Debug|Any CPU
		{D6E7DD70-69BC-4B39-A4F4-E4D43AC5E425}.Debug|Any CPU.Build.0 = Debug|Any CPU
		{D6E7DD70-69BC-4B39-A4F4-E4D43AC5E425}.Release|Any CPU.ActiveCfg = Release|Any CPU
		{D6E7DD70-69BC-4B39-A4F4-E4D43AC5E425}.Release|Any CPU.Build.0 = Release|Any CPU
		{5D45AAB4-00E1-44BF-A5BC-23EB6EA7D0D2}.Debug|Any CPU.ActiveCfg = Debug|Any CPU
		{5D45AAB4-00E1-44BF-A5BC-23EB6EA7D0D2}.Debug|Any CPU.Build.0 = Debug|Any CPU
		{5D45AAB4-00E1-44BF-A5BC-23EB6EA7D0D2}.Release|Any CPU.ActiveCfg = Release|Any CPU
		{5D45AAB4-00E1-44BF-A5BC-23EB6EA7D0D2}.Release|Any CPU.Build.0 = Release|Any CPU
		{AEA23603-401C-41F2-910C-E53764C32C9B}.Debug|Any CPU.ActiveCfg = Debug|Any CPU
		{AEA23603-401C-41F2-910C-E53764C32C9B}.Debug|Any CPU.Build.0 = Debug|Any CPU
		{AEA23603-401C-41F2-910C-E53764C32C9B}.Release|Any CPU.ActiveCfg = Release|Any CPU
		{AEA23603-401C-41F2-910C-E53764C32C9B}.Release|Any CPU.Build.0 = Release|Any CPU
		{13D80AC6-E003-46D4-9904-D8AA5C8C7B51}.Debug|Any CPU.ActiveCfg = Debug|Any CPU
		{13D80AC6-E003-46D4-9904-D8AA5C8C7B51}.Debug|Any CPU.Build.0 = Debug|Any CPU
		{13D80AC6-E003-46D4-9904-D8AA5C8C7B51}.Release|Any CPU.ActiveCfg = Release|Any CPU
		{13D80AC6-E003-46D4-9904-D8AA5C8C7B51}.Release|Any CPU.Build.0 = Release|Any CPU
		{D57EEE08-741C-4A28-A7AA-D98CCEBEEB2F}.Debug|Any CPU.ActiveCfg = Debug|Any CPU
		{D57EEE08-741C-4A28-A7AA-D98CCEBEEB2F}.Debug|Any CPU.Build.0 = Debug|Any CPU
		{D57EEE08-741C-4A28-A7AA-D98CCEBEEB2F}.Release|Any CPU.ActiveCfg = Release|Any CPU
		{D57EEE08-741C-4A28-A7AA-D98CCEBEEB2F}.Release|Any CPU.Build.0 = Release|Any CPU
		{76DB4651-7FD0-47A8-9104-775B2BFA8E19}.Debug|Any CPU.ActiveCfg = Debug|Any CPU
		{76DB4651-7FD0-47A8-9104-775B2BFA8E19}.Debug|Any CPU.Build.0 = Debug|Any CPU
		{76DB4651-7FD0-47A8-9104-775B2BFA8E19}.Release|Any CPU.ActiveCfg = Release|Any CPU
		{76DB4651-7FD0-47A8-9104-775B2BFA8E19}.Release|Any CPU.Build.0 = Release|Any CPU
		{361C5F73-8533-4255-BBE4-7D63FF84D338}.Debug|Any CPU.ActiveCfg = Debug|Any CPU
		{361C5F73-8533-4255-BBE4-7D63FF84D338}.Debug|Any CPU.Build.0 = Debug|Any CPU
		{361C5F73-8533-4255-BBE4-7D63FF84D338}.Release|Any CPU.ActiveCfg = Release|Any CPU
		{361C5F73-8533-4255-BBE4-7D63FF84D338}.Release|Any CPU.Build.0 = Release|Any CPU
		{8DC46147-8AB9-49DA-BDAB-7B7495728944}.Debug|Any CPU.ActiveCfg = Debug|Any CPU
		{8DC46147-8AB9-49DA-BDAB-7B7495728944}.Debug|Any CPU.Build.0 = Debug|Any CPU
		{8DC46147-8AB9-49DA-BDAB-7B7495728944}.Release|Any CPU.ActiveCfg = Release|Any CPU
		{8DC46147-8AB9-49DA-BDAB-7B7495728944}.Release|Any CPU.Build.0 = Release|Any CPU
		{C1F3A9E2-065B-4E7B-B00C-A855FE2C6B37}.Debug|Any CPU.ActiveCfg = Debug|Any CPU
		{C1F3A9E2-065B-4E7B-B00C-A855FE2C6B37}.Debug|Any CPU.Build.0 = Debug|Any CPU
		{C1F3A9E2-065B-4E7B-B00C-A855FE2C6B37}.Release|Any CPU.ActiveCfg = Release|Any CPU
		{C1F3A9E2-065B-4E7B-B00C-A855FE2C6B37}.Release|Any CPU.Build.0 = Release|Any CPU
		{AFB733FF-BA20-48DF-BF3E-BC9A5319F6AA}.Debug|Any CPU.ActiveCfg = Debug|Any CPU
		{AFB733FF-BA20-48DF-BF3E-BC9A5319F6AA}.Debug|Any CPU.Build.0 = Debug|Any CPU
		{AFB733FF-BA20-48DF-BF3E-BC9A5319F6AA}.Release|Any CPU.ActiveCfg = Release|Any CPU
		{AFB733FF-BA20-48DF-BF3E-BC9A5319F6AA}.Release|Any CPU.Build.0 = Release|Any CPU
		{36A3B7DE-5F92-4225-A029-F2E25117A7F6}.Debug|Any CPU.ActiveCfg = Debug|Any CPU
		{36A3B7DE-5F92-4225-A029-F2E25117A7F6}.Debug|Any CPU.Build.0 = Debug|Any CPU
		{36A3B7DE-5F92-4225-A029-F2E25117A7F6}.Release|Any CPU.ActiveCfg = Release|Any CPU
		{36A3B7DE-5F92-4225-A029-F2E25117A7F6}.Release|Any CPU.Build.0 = Release|Any CPU
		{37BC6322-2121-4A97-AEED-DF2D3B6AA189}.Debug|Any CPU.ActiveCfg = Debug|Any CPU
		{37BC6322-2121-4A97-AEED-DF2D3B6AA189}.Debug|Any CPU.Build.0 = Debug|Any CPU
		{37BC6322-2121-4A97-AEED-DF2D3B6AA189}.Release|Any CPU.ActiveCfg = Release|Any CPU
		{37BC6322-2121-4A97-AEED-DF2D3B6AA189}.Release|Any CPU.Build.0 = Release|Any CPU
		{4399C9DA-8748-4B51-9975-808F3896E1C9}.Debug|Any CPU.ActiveCfg = Debug|Any CPU
		{4399C9DA-8748-4B51-9975-808F3896E1C9}.Debug|Any CPU.Build.0 = Debug|Any CPU
		{4399C9DA-8748-4B51-9975-808F3896E1C9}.Release|Any CPU.ActiveCfg = Release|Any CPU
		{4399C9DA-8748-4B51-9975-808F3896E1C9}.Release|Any CPU.Build.0 = Release|Any CPU
		{46BF1FE5-17E2-4F1D-80FF-8A5F570630A1}.Debug|Any CPU.ActiveCfg = Debug|Any CPU
		{46BF1FE5-17E2-4F1D-80FF-8A5F570630A1}.Debug|Any CPU.Build.0 = Debug|Any CPU
		{46BF1FE5-17E2-4F1D-80FF-8A5F570630A1}.Release|Any CPU.ActiveCfg = Release|Any CPU
		{46BF1FE5-17E2-4F1D-80FF-8A5F570630A1}.Release|Any CPU.Build.0 = Release|Any CPU
		{C93EC5F7-EDE0-4EC6-A202-3209C2886CAD}.Debug|Any CPU.ActiveCfg = Debug|Any CPU
		{C93EC5F7-EDE0-4EC6-A202-3209C2886CAD}.Debug|Any CPU.Build.0 = Debug|Any CPU
		{C93EC5F7-EDE0-4EC6-A202-3209C2886CAD}.Release|Any CPU.ActiveCfg = Release|Any CPU
		{C93EC5F7-EDE0-4EC6-A202-3209C2886CAD}.Release|Any CPU.Build.0 = Release|Any CPU
		{61563895-C53E-4ABF-861D-2FB31DD912FD}.Debug|Any CPU.ActiveCfg = Debug|Any CPU
		{61563895-C53E-4ABF-861D-2FB31DD912FD}.Debug|Any CPU.Build.0 = Debug|Any CPU
		{61563895-C53E-4ABF-861D-2FB31DD912FD}.Release|Any CPU.ActiveCfg = Release|Any CPU
		{61563895-C53E-4ABF-861D-2FB31DD912FD}.Release|Any CPU.Build.0 = Release|Any CPU
	EndGlobalSection
	GlobalSection(SolutionProperties) = preSolution
		HideSolutionNode = FALSE
	EndGlobalSection
	GlobalSection(NestedProjects) = preSolution
		{5BDEC303-444A-43D5-9D0F-7BF18FC82C43} = {A6DA874F-0441-4842-815D-6A79BFDB3D0C}
		{D6E7DD70-69BC-4B39-A4F4-E4D43AC5E425} = {2944BCC0-DA22-416D-92CB-CA3B56A2DE6C}
		{5D45AAB4-00E1-44BF-A5BC-23EB6EA7D0D2} = {9288A191-E087-49F7-B1A8-21B7807E92C6}
		{AEA23603-401C-41F2-910C-E53764C32C9B} = {20B6A2A7-AA6C-42E9-BA0C-E12447143CF9}
		{13D80AC6-E003-46D4-9904-D8AA5C8C7B51} = {9833A84B-0815-4360-A02C-E34F6B4416DC}
		{D57EEE08-741C-4A28-A7AA-D98CCEBEEB2F} = {A4734CBF-21F2-40D7-A348-F66738D543A5}
		{76DB4651-7FD0-47A8-9104-775B2BFA8E19} = {0EEF224F-99E4-4F4C-A3D9-7F36D595B7CD}
		{361C5F73-8533-4255-BBE4-7D63FF84D338} = {2C3CE003-0919-480E-B018-601B92B82AD5}
		{8DC46147-8AB9-49DA-BDAB-7B7495728944} = {09B54395-C1EF-43D0-872A-3062837BD239}
		{09B54395-C1EF-43D0-872A-3062837BD239} = {5BDEC303-444A-43D5-9D0F-7BF18FC82C43}
		{2944BCC0-DA22-416D-92CB-CA3B56A2DE6C} = {5BDEC303-444A-43D5-9D0F-7BF18FC82C43}
		{C1F3A9E2-065B-4E7B-B00C-A855FE2C6B37} = {09B54395-C1EF-43D0-872A-3062837BD239}
		{AFB733FF-BA20-48DF-BF3E-BC9A5319F6AA} = {09B54395-C1EF-43D0-872A-3062837BD239}
		{A4734CBF-21F2-40D7-A348-F66738D543A5} = {5BDEC303-444A-43D5-9D0F-7BF18FC82C43}
		{0EEF224F-99E4-4F4C-A3D9-7F36D595B7CD} = {5BDEC303-444A-43D5-9D0F-7BF18FC82C43}
		{2C3CE003-0919-480E-B018-601B92B82AD5} = {5BDEC303-444A-43D5-9D0F-7BF18FC82C43}
		{9833A84B-0815-4360-A02C-E34F6B4416DC} = {5BDEC303-444A-43D5-9D0F-7BF18FC82C43}
		{20B6A2A7-AA6C-42E9-BA0C-E12447143CF9} = {3FDC91A0-9C35-4DE1-B049-6D12E9766905}
		{71276D0E-ABB0-4762-88B1-2B8934EB1980} = {3FDC91A0-9C35-4DE1-B049-6D12E9766905}
		{36A3B7DE-5F92-4225-A029-F2E25117A7F6} = {71276D0E-ABB0-4762-88B1-2B8934EB1980}
		{37BC6322-2121-4A97-AEED-DF2D3B6AA189} = {A4734CBF-21F2-40D7-A348-F66738D543A5}
		{4399C9DA-8748-4B51-9975-808F3896E1C9} = {A4734CBF-21F2-40D7-A348-F66738D543A5}
		{46BF1FE5-17E2-4F1D-80FF-8A5F570630A1} = {A4734CBF-21F2-40D7-A348-F66738D543A5}
		{79B7C0C4-57F7-4ED9-9227-5B592B00ABFD} = {3FDC91A0-9C35-4DE1-B049-6D12E9766905}
		{C93EC5F7-EDE0-4EC6-A202-3209C2886CAD} = {79B7C0C4-57F7-4ED9-9227-5B592B00ABFD}
		{61563895-C53E-4ABF-861D-2FB31DD912FD} = {A4734CBF-21F2-40D7-A348-F66738D543A5}
	EndGlobalSection
	GlobalSection(ExtensibilityGlobals) = postSolution
		SolutionGuid = {984A47BF-D041-40C8-A535-310DF89ADE8B}
	EndGlobalSection
EndGlobal
