
Microsoft Visual Studio Solution File, Format Version 12.00
# Visual Studio Version 16
VisualStudioVersion = 16.0.32106.194
MinimumVisualStudioVersion = 10.0.40219.1
Project("{2150E333-8FDC-42A3-9474-1A3956D46DE8}") = "src", "src", "{C00F6269-6323-493D-B970-26F4F87AC8E1}"
EndProject
Project("{2150E333-8FDC-42A3-9474-1A3956D46DE8}") = "shared", "shared", "{3FDC91A0-9C35-4DE1-B049-6D12E9766905}"
EndProject
Project("{2150E333-8FDC-42A3-9474-1A3956D46DE8}") = "app.api", "app.api", "{5BDEC303-444A-43D5-9D0F-7BF18FC82C43}"
EndProject
Project("{2150E333-8FDC-42A3-9474-1A3956D46DE8}") = "app.web", "app.web", "{9FF9364E-8C06-4A05-BD3E-3D6187ECE220}"
EndProject
Project("{FAE04EC0-301F-11D3-BF4B-00C04F79EFBC}") = "Store.Authorization.API", "src\app.api\Store.Authorization.API\Store.Authorization.API.csproj", "{D6E7DD70-69BC-4B39-A4F4-E4D43AC5E425}"
EndProject
Project("{FAE04EC0-301F-11D3-BF4B-00C04F79EFBC}") = "Store.WebApp.MVC", "src\app.web\Store.WebApp.MVC\Store.WebApp.MVC.csproj", "{5D45AAB4-00E1-44BF-A5BC-23EB6EA7D0D2}"
EndProject
Project("{2150E333-8FDC-42A3-9474-1A3956D46DE8}") = "Core", "Core", "{9C40D09C-85B3-42F6-9432-597DCA1DC668}"
EndProject
Project("{FAE04EC0-301F-11D3-BF4B-00C04F79EFBC}") = "Store.Core", "src\shared\Store.Core\Store.Core.csproj", "{AEA23603-401C-41F2-910C-E53764C32C9B}"
EndProject
Project("{FAE04EC0-301F-11D3-BF4B-00C04F79EFBC}") = "Store.ShoppingCart.API", "src\app.api\Store.ShoppingCart.API\Store.ShoppingCart.API.csproj", "{13D80AC6-E003-46D4-9904-D8AA5C8C7B51}"
EndProject
Project("{FAE04EC0-301F-11D3-BF4B-00C04F79EFBC}") = "Store.Customer.API", "src\app.api\Store.Customer.API\Store.Customer.API.csproj", "{D57EEE08-741C-4A28-A7AA-D98CCEBEEB2F}"
EndProject
Project("{FAE04EC0-301F-11D3-BF4B-00C04F79EFBC}") = "Store.Order.API", "src\app.api\Store.Order.API\Store.Order.API.csproj", "{76DB4651-7FD0-47A8-9104-775B2BFA8E19}"
EndProject
Project("{FAE04EC0-301F-11D3-BF4B-00C04F79EFBC}") = "Store.Payment.API", "src\app.api\Store.Payment.API\Store.Payment.API.csproj", "{361C5F73-8533-4255-BBE4-7D63FF84D338}"
EndProject
Project("{FAE04EC0-301F-11D3-BF4B-00C04F79EFBC}") = "Store.Catalog.API", "src\app.api\Store.Catalog.API\Store.Catalog.API.csproj", "{8DC46147-8AB9-49DA-BDAB-7B7495728944}"
EndProject
Global
	GlobalSection(SolutionConfigurationPlatforms) = preSolution
		Debug|Any CPU = Debug|Any CPU
		Release|Any CPU = Release|Any CPU
	EndGlobalSection
	GlobalSection(ProjectConfigurationPlatforms) = postSolution
		{D6E7DD70-69BC-4B39-A4F4-E4D43AC5E425}.Debug|Any CPU.ActiveCfg = Debug|Any CPU
		{D6E7DD70-69BC-4B39-A4F4-E4D43AC5E425}.Debug|Any CPU.Build.0 = Debug|Any CPU
		{D6E7DD70-69BC-4B39-A4F4-E4D43AC5E425}.Release|Any CPU.ActiveCfg = Release|Any CPU
		{D6E7DD70-69BC-4B39-A4F4-E4D43AC5E425}.Release|Any CPU.Build.0 = Release|Any CPU
		{5D45AAB4-00E1-44BF-A5BC-23EB6EA7D0D2}.Debug|Any CPU.ActiveCfg = Debug|Any CPU
		{5D45AAB4-00E1-44BF-A5BC-23EB6EA7D0D2}.Debug|Any CPU.Build.0 = Debug|Any CPU
		{5D45AAB4-00E1-44BF-A5BC-23EB6EA7D0D2}.Release|Any CPU.ActiveCfg = Release|Any CPU
		{5D45AAB4-00E1-44BF-A5BC-23EB6EA7D0D2}.Release|Any CPU.Build.0 = Release|Any CPU
		{AEA23603-401C-41F2-910C-E53764C32C9B}.Debug|Any CPU.ActiveCfg = Debug|Any CPU
		{AEA23603-401C-41F2-910C-E53764C32C9B}.Debug|Any CPU.Build.0 = Debug|Any CPU
		{AEA23603-401C-41F2-910C-E53764C32C9B}.Release|Any CPU.ActiveCfg = Release|Any CPU
		{AEA23603-401C-41F2-910C-E53764C32C9B}.Release|Any CPU.Build.0 = Release|Any CPU
		{13D80AC6-E003-46D4-9904-D8AA5C8C7B51}.Debug|Any CPU.ActiveCfg = Debug|Any CPU
		{13D80AC6-E003-46D4-9904-D8AA5C8C7B51}.Debug|Any CPU.Build.0 = Debug|Any CPU
		{13D80AC6-E003-46D4-9904-D8AA5C8C7B51}.Release|Any CPU.ActiveCfg = Release|Any CPU
		{13D80AC6-E003-46D4-9904-D8AA5C8C7B51}.Release|Any CPU.Build.0 = Release|Any CPU
		{D57EEE08-741C-4A28-A7AA-D98CCEBEEB2F}.Debug|Any CPU.ActiveCfg = Debug|Any CPU
		{D57EEE08-741C-4A28-A7AA-D98CCEBEEB2F}.Debug|Any CPU.Build.0 = Debug|Any CPU
		{D57EEE08-741C-4A28-A7AA-D98CCEBEEB2F}.Release|Any CPU.ActiveCfg = Release|Any CPU
		{D57EEE08-741C-4A28-A7AA-D98CCEBEEB2F}.Release|Any CPU.Build.0 = Release|Any CPU
		{76DB4651-7FD0-47A8-9104-775B2BFA8E19}.Debug|Any CPU.ActiveCfg = Debug|Any CPU
		{76DB4651-7FD0-47A8-9104-775B2BFA8E19}.Debug|Any CPU.Build.0 = Debug|Any CPU
		{76DB4651-7FD0-47A8-9104-775B2BFA8E19}.Release|Any CPU.ActiveCfg = Release|Any CPU
		{76DB4651-7FD0-47A8-9104-775B2BFA8E19}.Release|Any CPU.Build.0 = Release|Any CPU
		{361C5F73-8533-4255-BBE4-7D63FF84D338}.Debug|Any CPU.ActiveCfg = Debug|Any CPU
		{361C5F73-8533-4255-BBE4-7D63FF84D338}.Debug|Any CPU.Build.0 = Debug|Any CPU
		{361C5F73-8533-4255-BBE4-7D63FF84D338}.Release|Any CPU.ActiveCfg = Release|Any CPU
		{361C5F73-8533-4255-BBE4-7D63FF84D338}.Release|Any CPU.Build.0 = Release|Any CPU
		{8DC46147-8AB9-49DA-BDAB-7B7495728944}.Debug|Any CPU.ActiveCfg = Debug|Any CPU
		{8DC46147-8AB9-49DA-BDAB-7B7495728944}.Debug|Any CPU.Build.0 = Debug|Any CPU
		{8DC46147-8AB9-49DA-BDAB-7B7495728944}.Release|Any CPU.ActiveCfg = Release|Any CPU
		{8DC46147-8AB9-49DA-BDAB-7B7495728944}.Release|Any CPU.Build.0 = Release|Any CPU
	EndGlobalSection
	GlobalSection(SolutionProperties) = preSolution
		HideSolutionNode = FALSE
	EndGlobalSection
	GlobalSection(NestedProjects) = preSolution
		{3FDC91A0-9C35-4DE1-B049-6D12E9766905} = {C00F6269-6323-493D-B970-26F4F87AC8E1}
		{5BDEC303-444A-43D5-9D0F-7BF18FC82C43} = {C00F6269-6323-493D-B970-26F4F87AC8E1}
		{9FF9364E-8C06-4A05-BD3E-3D6187ECE220} = {C00F6269-6323-493D-B970-26F4F87AC8E1}
		{D6E7DD70-69BC-4B39-A4F4-E4D43AC5E425} = {5BDEC303-444A-43D5-9D0F-7BF18FC82C43}
		{5D45AAB4-00E1-44BF-A5BC-23EB6EA7D0D2} = {9FF9364E-8C06-4A05-BD3E-3D6187ECE220}
		{9C40D09C-85B3-42F6-9432-597DCA1DC668} = {3FDC91A0-9C35-4DE1-B049-6D12E9766905}
		{AEA23603-401C-41F2-910C-E53764C32C9B} = {9C40D09C-85B3-42F6-9432-597DCA1DC668}
		{13D80AC6-E003-46D4-9904-D8AA5C8C7B51} = {5BDEC303-444A-43D5-9D0F-7BF18FC82C43}
		{D57EEE08-741C-4A28-A7AA-D98CCEBEEB2F} = {5BDEC303-444A-43D5-9D0F-7BF18FC82C43}
		{76DB4651-7FD0-47A8-9104-775B2BFA8E19} = {5BDEC303-444A-43D5-9D0F-7BF18FC82C43}
		{361C5F73-8533-4255-BBE4-7D63FF84D338} = {5BDEC303-444A-43D5-9D0F-7BF18FC82C43}
		{8DC46147-8AB9-49DA-BDAB-7B7495728944} = {5BDEC303-444A-43D5-9D0F-7BF18FC82C43}
	EndGlobalSection
	GlobalSection(ExtensibilityGlobals) = postSolution
		SolutionGuid = {984A47BF-D041-40C8-A535-310DF89ADE8B}
	EndGlobalSection
EndGlobal
